// !$*UTF8*$!
{
	archiveVersion = 1;
	classes = {
	};
	objectVersion = 54;
	objects = {

/* Begin PBXBuildFile section */
		06CF660A60C9B4CB7C2EE159 /* ExerciseLibraryStore.swift in Sources */ = {isa = PBXBuildFile; fileRef = ADD9B59E88F7E4166722EB07 /* ExerciseLibraryStore.swift */; };
		07BECDEE98AA16784E706CD4 /* PhaseStyle.swift in Sources */ = {isa = PBXBuildFile; fileRef = 5CBED680DA6B73175CD45CDD /* PhaseStyle.swift */; };
		08BDE0C821B2ED57219904D1 /* WorkoutDetailView.swift in Sources */ = {isa = PBXBuildFile; fileRef = 1C55989FDAF2656133B76530 /* WorkoutDetailView.swift */; };
		18386AEB85E3702331E2B05E /* TrainingViewModel.swift in Sources */ = {isa = PBXBuildFile; fileRef = A1FA80288EDF8D9FF64F2AE0 /* TrainingViewModel.swift */; };
		1E77510A5271A1497F479F11 /* Theme.swift in Sources */ = {isa = PBXBuildFile; fileRef = 2B03745197962E8A53E1D235 /* Theme.swift */; };
		1FF909D24BE0F30FD852240A /* ExerciseDetailView.swift in Sources */ = {isa = PBXBuildFile; fileRef = 609D2A311FDF361EA5FBE73E /* ExerciseDetailView.swift */; };
		2471B19898A2DB85BDEFB800 /* WheelPickers.swift in Sources */ = {isa = PBXBuildFile; fileRef = 343308BA1BD8F1C0364E3C96 /* WheelPickers.swift */; };
		322463D05B758DB2FE972C93 /* SignInView.swift in Sources */ = {isa = PBXBuildFile; fileRef = 64E953676ECFB6AE4417F878 /* SignInView.swift */; };
		42AD58BC53A0CFF87A1E3E68 /* KeychainStore.swift in Sources */ = {isa = PBXBuildFile; fileRef = E78B7E6E65672C6416CAB2FF /* KeychainStore.swift */; };
		46B4C9324738EDE004453633 /* RootView.swift in Sources */ = {isa = PBXBuildFile; fileRef = BCF8C7929B22964376B8BD27 /* RootView.swift */; };
		49FDC00C4C6B100DAFB60262 /* AddPastRaceView.swift in Sources */ = {isa = PBXBuildFile; fileRef = 200F99AB66DA79193CD7C762 /* AddPastRaceView.swift */; };
		4A666DC65309F2F7707331D1 /* Training.swift in Sources */ = {isa = PBXBuildFile; fileRef = 94D14B642A995EB24C5EAE07 /* Training.swift */; };
		4B25EE10F3A11C1610E10A18 /* Station.swift in Sources */ = {isa = PBXBuildFile; fileRef = D43378E149D4F2F5E46B2552 /* Station.swift */; };
		5D90212FCAD61D2BBE45A5C2 /* WeekDetailView.swift in Sources */ = {isa = PBXBuildFile; fileRef = DFCFB9CEE506B8122586FB25 /* WeekDetailView.swift */; };
		7E5AA071D89FD22406C27DCC /* Athlete.swift in Sources */ = {isa = PBXBuildFile; fileRef = 17DDA4DA6377AEBA4EB5227A /* Athlete.swift */; };
		84B07ED7E3718C6A3883FB10 /* OnboardingView.swift in Sources */ = {isa = PBXBuildFile; fileRef = 0F76408139F6203F1528B318 /* OnboardingView.swift */; };
		8FFFD252ACD9D096B7CBFC4E /* BlockHeaderView.swift in Sources */ = {isa = PBXBuildFile; fileRef = 44A79F614CF728C6F5132A5B /* BlockHeaderView.swift */; };
		97C8C5039D0E29317DA5DA18 /* Exercise.swift in Sources */ = {isa = PBXBuildFile; fileRef = 0EECF634C88256F01B99BDA1 /* Exercise.swift */; };
		B22E91E29CC7146346C4765E /* APIClient.swift in Sources */ = {isa = PBXBuildFile; fileRef = 1ECFBDDA32BCD2E4A3AA1DE6 /* APIClient.swift */; };
		B967ABA03123A86065AEC52F /* HYROXCoachApp.swift in Sources */ = {isa = PBXBuildFile; fileRef = F87FD573E484272F6B2ABFA6 /* HYROXCoachApp.swift */; };
		C5061472CBA120F9475CA862 /* Enums.swift in Sources */ = {isa = PBXBuildFile; fileRef = 9A44FC33D13B0662FD826305 /* Enums.swift */; };
		CC98E6B877F31FEBC86A8866 /* AuthViewModel.swift in Sources */ = {isa = PBXBuildFile; fileRef = B0B2A61CF46977055150F17C /* AuthViewModel.swift */; };
		D8D19FD7FC82623DEA0D569A /* TimeInputField.swift in Sources */ = {isa = PBXBuildFile; fileRef = BF1577542F8FB9422816727C /* TimeInputField.swift */; };
		DFE7FED34E89B0266480D0EC /* NewBlockView.swift in Sources */ = {isa = PBXBuildFile; fileRef = D3CEE6DF796D7E512380F125 /* NewBlockView.swift */; };
		EB57FE5DD8BF0631876BC36E /* DashboardView.swift in Sources */ = {isa = PBXBuildFile; fileRef = EB08999B37A9D053562E13FC /* DashboardView.swift */; };
		F7E9296CE38ED971BF00AD54 /* JSONValue.swift in Sources */ = {isa = PBXBuildFile; fileRef = 2236AB0D17FF971307F67936 /* JSONValue.swift */; };
/* End PBXBuildFile section */

/* Begin PBXFileReference section */
		053B15819B6FB0DC52631160 /* Info.plist */ = {isa = PBXFileReference; lastKnownFileType = text.plist; path = Info.plist; sourceTree = "<group>"; };
		0EECF634C88256F01B99BDA1 /* Exercise.swift */ = {isa = PBXFileReference; lastKnownFileType = sourcecode.swift; path = Exercise.swift; sourceTree = "<group>"; };
		0F76408139F6203F1528B318 /* OnboardingView.swift */ = {isa = PBXFileReference; lastKnownFileType = sourcecode.swift; path = OnboardingView.swift; sourceTree = "<group>"; };
		17DDA4DA6377AEBA4EB5227A /* Athlete.swift */ = {isa = PBXFileReference; lastKnownFileType = sourcecode.swift; path = Athlete.swift; sourceTree = "<group>"; };
		1C55989FDAF2656133B76530 /* WorkoutDetailView.swift */ = {isa = PBXFileReference; lastKnownFileType = sourcecode.swift; path = WorkoutDetailView.swift; sourceTree = "<group>"; };
		1ECFBDDA32BCD2E4A3AA1DE6 /* APIClient.swift */ = {isa = PBXFileReference; lastKnownFileType = sourcecode.swift; path = APIClient.swift; sourceTree = "<group>"; };
		200F99AB66DA79193CD7C762 /* AddPastRaceView.swift */ = {isa = PBXFileReference; lastKnownFileType = sourcecode.swift; path = AddPastRaceView.swift; sourceTree = "<group>"; };
		2236AB0D17FF971307F67936 /* JSONValue.swift */ = {isa = PBXFileReference; lastKnownFileType = sourcecode.swift; path = JSONValue.swift; sourceTree = "<group>"; };
		2B03745197962E8A53E1D235 /* Theme.swift */ = {isa = PBXFileReference; lastKnownFileType = sourcecode.swift; path = Theme.swift; sourceTree = "<group>"; };
		343308BA1BD8F1C0364E3C96 /* WheelPickers.swift */ = {isa = PBXFileReference; lastKnownFileType = sourcecode.swift; path = WheelPickers.swift; sourceTree = "<group>"; };
		44A79F614CF728C6F5132A5B /* BlockHeaderView.swift */ = {isa = PBXFileReference; lastKnownFileType = sourcecode.swift; path = BlockHeaderView.swift; sourceTree = "<group>"; };
		5CBED680DA6B73175CD45CDD /* PhaseStyle.swift */ = {isa = PBXFileReference; lastKnownFileType = sourcecode.swift; path = PhaseStyle.swift; sourceTree = "<group>"; };
		609D2A311FDF361EA5FBE73E /* ExerciseDetailView.swift */ = {isa = PBXFileReference; lastKnownFileType = sourcecode.swift; path = ExerciseDetailView.swift; sourceTree = "<group>"; };
		64E953676ECFB6AE4417F878 /* SignInView.swift */ = {isa = PBXFileReference; lastKnownFileType = sourcecode.swift; path = SignInView.swift; sourceTree = "<group>"; };
		66563B543124F74B33F94F47 /* HYROXCoach.app */ = {isa = PBXFileReference; includeInIndex = 0; lastKnownFileType = wrapper.application; path = HYROXCoach.app; sourceTree = BUILT_PRODUCTS_DIR; };
		94D14B642A995EB24C5EAE07 /* Training.swift */ = {isa = PBXFileReference; lastKnownFileType = sourcecode.swift; path = Training.swift; sourceTree = "<group>"; };
		9A44FC33D13B0662FD826305 /* Enums.swift */ = {isa = PBXFileReference; lastKnownFileType = sourcecode.swift; path = Enums.swift; sourceTree = "<group>"; };
		A1FA80288EDF8D9FF64F2AE0 /* TrainingViewModel.swift */ = {isa = PBXFileReference; lastKnownFileType = sourcecode.swift; path = TrainingViewModel.swift; sourceTree = "<group>"; };
		ADD9B59E88F7E4166722EB07 /* ExerciseLibraryStore.swift */ = {isa = PBXFileReference; lastKnownFileType = sourcecode.swift; path = ExerciseLibraryStore.swift; sourceTree = "<group>"; };
		B0B2A61CF46977055150F17C /* AuthViewModel.swift */ = {isa = PBXFileReference; lastKnownFileType = sourcecode.swift; path = AuthViewModel.swift; sourceTree = "<group>"; };
		BCF8C7929B22964376B8BD27 /* RootView.swift */ = {isa = PBXFileReference; lastKnownFileType = sourcecode.swift; path = RootView.swift; sourceTree = "<group>"; };
		BF1577542F8FB9422816727C /* TimeInputField.swift */ = {isa = PBXFileReference; lastKnownFileType = sourcecode.swift; path = TimeInputField.swift; sourceTree = "<group>"; };
		D3CEE6DF796D7E512380F125 /* NewBlockView.swift */ = {isa = PBXFileReference; lastKnownFileType = sourcecode.swift; path = NewBlockView.swift; sourceTree = "<group>"; };
		D43378E149D4F2F5E46B2552 /* Station.swift */ = {isa = PBXFileReference; lastKnownFileType = sourcecode.swift; path = Station.swift; sourceTree = "<group>"; };
		DFCFB9CEE506B8122586FB25 /* WeekDetailView.swift */ = {isa = PBXFileReference; lastKnownFileType = sourcecode.swift; path = WeekDetailView.swift; sourceTree = "<group>"; };
		E78B7E6E65672C6416CAB2FF /* KeychainStore.swift */ = {isa = PBXFileReference; lastKnownFileType = sourcecode.swift; path = KeychainStore.swift; sourceTree = "<group>"; };
		EB08999B37A9D053562E13FC /* DashboardView.swift */ = {isa = PBXFileReference; lastKnownFileType = sourcecode.swift; path = DashboardView.swift; sourceTree = "<group>"; };
		F87FD573E484272F6B2ABFA6 /* HYROXCoachApp.swift */ = {isa = PBXFileReference; lastKnownFileType = sourcecode.swift; path = HYROXCoachApp.swift; sourceTree = "<group>"; };
/* End PBXFileReference section */

/* Begin PBXGroup section */
		060F5DFD7681ADBD36DA9435 /* Products */ = {
			isa = PBXGroup;
			children = (
				66563B543124F74B33F94F47 /* HYROXCoach.app */,
			);
			name = Products;
			sourceTree = "<group>";
		};
		2AF0E9CFBD744F049960BE1B /* State */ = {
			isa = PBXGroup;
			children = (
				B0B2A61CF46977055150F17C /* AuthViewModel.swift */,
				ADD9B59E88F7E4166722EB07 /* ExerciseLibraryStore.swift */,
				A1FA80288EDF8D9FF64F2AE0 /* TrainingViewModel.swift */,
			);
			path = State;
			sourceTree = "<group>";
		};
		4B86E18AFB78FCF2CC25FF74 /* Models */ = {
			isa = PBXGroup;
			children = (
				17DDA4DA6377AEBA4EB5227A /* Athlete.swift */,
				9A44FC33D13B0662FD826305 /* Enums.swift */,
				0EECF634C88256F01B99BDA1 /* Exercise.swift */,
				2236AB0D17FF971307F67936 /* JSONValue.swift */,
				D43378E149D4F2F5E46B2552 /* Station.swift */,
				94D14B642A995EB24C5EAE07 /* Training.swift */,
			);
			path = Models;
			sourceTree = "<group>";
		};
		4C25B33AE6877E85864C3345 /* Dashboard */ = {
			isa = PBXGroup;
			children = (
				44A79F614CF728C6F5132A5B /* BlockHeaderView.swift */,
				EB08999B37A9D053562E13FC /* DashboardView.swift */,
				609D2A311FDF361EA5FBE73E /* ExerciseDetailView.swift */,
				D3CEE6DF796D7E512380F125 /* NewBlockView.swift */,
				5CBED680DA6B73175CD45CDD /* PhaseStyle.swift */,
				DFCFB9CEE506B8122586FB25 /* WeekDetailView.swift */,
				1C55989FDAF2656133B76530 /* WorkoutDetailView.swift */,
			);
			path = Dashboard;
			sourceTree = "<group>";
		};
		545F29C12C95F97CF6246DD8 /* Auth */ = {
			isa = PBXGroup;
			children = (
				64E953676ECFB6AE4417F878 /* SignInView.swift */,
			);
			path = Auth;
			sourceTree = "<group>";
		};
		638CDE3E6F5E8B9644A63C3E /* Onboarding */ = {
			isa = PBXGroup;
			children = (
				200F99AB66DA79193CD7C762 /* AddPastRaceView.swift */,
				0F76408139F6203F1528B318 /* OnboardingView.swift */,
				BF1577542F8FB9422816727C /* TimeInputField.swift */,
				343308BA1BD8F1C0364E3C96 /* WheelPickers.swift */,
			);
			path = Onboarding;
			sourceTree = "<group>";
		};
		6F8F5152C134AF93402E1F69 /* Views */ = {
			isa = PBXGroup;
			children = (
				545F29C12C95F97CF6246DD8 /* Auth */,
				4C25B33AE6877E85864C3345 /* Dashboard */,
				638CDE3E6F5E8B9644A63C3E /* Onboarding */,
			);
			path = Views;
			sourceTree = "<group>";
		};
		B3DDD4108332E99F2CAD5213 /* Networking */ = {
			isa = PBXGroup;
			children = (
				1ECFBDDA32BCD2E4A3AA1DE6 /* APIClient.swift */,
				E78B7E6E65672C6416CAB2FF /* KeychainStore.swift */,
			);
			path = Networking;
			sourceTree = "<group>";
		};
		D59C6A32B60410E53BDA7C4B /* HYROXCoach */ = {
			isa = PBXGroup;
			children = (
				053B15819B6FB0DC52631160 /* Info.plist */,
				2B03745197962E8A53E1D235 /* Theme.swift */,
				D6A89E960D94D7D40903247E /* App */,
				4B86E18AFB78FCF2CC25FF74 /* Models */,
				B3DDD4108332E99F2CAD5213 /* Networking */,
				2AF0E9CFBD744F049960BE1B /* State */,
				6F8F5152C134AF93402E1F69 /* Views */,
			);
			path = HYROXCoach;
			sourceTree = "<group>";
		};
		D6A89E960D94D7D40903247E /* App */ = {
			isa = PBXGroup;
			children = (
				F87FD573E484272F6B2ABFA6 /* HYROXCoachApp.swift */,
				BCF8C7929B22964376B8BD27 /* RootView.swift */,
			);
			path = App;
			sourceTree = "<group>";
		};
		EB75B88E7EF96F09A05198DF = {
			isa = PBXGroup;
			children = (
				D59C6A32B60410E53BDA7C4B /* HYROXCoach */,
				060F5DFD7681ADBD36DA9435 /* Products */,
			);
			sourceTree = "<group>";
		};
/* End PBXGroup section */

/* Begin PBXNativeTarget section */
		9FE91800DED6DA82B4F776B0 /* HYROXCoach */ = {
			isa = PBXNativeTarget;
			buildConfigurationList = F2961B04D41855EA3302DDEA /* Build configuration list for PBXNativeTarget "HYROXCoach" */;
			buildPhases = (
				C59769279441DC10E2BBDFF5 /* Sources */,
			);
			buildRules = (
			);
			dependencies = (
			);
			name = HYROXCoach;
			productName = HYROXCoach;
			productReference = 66563B543124F74B33F94F47 /* HYROXCoach.app */;
			productType = "com.apple.product-type.application";
		};
/* End PBXNativeTarget section */

/* Begin PBXProject section */
		3213E28373E88A395AEB346F /* Project object */ = {
			isa = PBXProject;
			attributes = {
				BuildIndependentTargetsInParallel = YES;
				LastUpgradeCheck = 1430;
				TargetAttributes = {
				};
			};
			buildConfigurationList = 2A2E7B027C74BFFC615208FC /* Build configuration list for PBXProject "HYROXCoach" */;
			compatibilityVersion = "Xcode 14.0";
			developmentRegion = en;
			hasScannedForEncodings = 0;
			knownRegions = (
				Base,
				en,
			);
			mainGroup = EB75B88E7EF96F09A05198DF;
			projectDirPath = "";
			projectRoot = "";
			targets = (
				9FE91800DED6DA82B4F776B0 /* HYROXCoach */,
			);
		};
/* End PBXProject section */

/* Begin PBXSourcesBuildPhase section */
		C59769279441DC10E2BBDFF5 /* Sources */ = {
			isa = PBXSourcesBuildPhase;
			buildActionMask = 2147483647;
			files = (
				B22E91E29CC7146346C4765E /* APIClient.swift in Sources */,
				49FDC00C4C6B100DAFB60262 /* AddPastRaceView.swift in Sources */,
				7E5AA071D89FD22406C27DCC /* Athlete.swift in Sources */,
				CC98E6B877F31FEBC86A8866 /* AuthViewModel.swift in Sources */,
				8FFFD252ACD9D096B7CBFC4E /* BlockHeaderView.swift in Sources */,
				EB57FE5DD8BF0631876BC36E /* DashboardView.swift in Sources */,
				C5061472CBA120F9475CA862 /* Enums.swift in Sources */,
				97C8C5039D0E29317DA5DA18 /* Exercise.swift in Sources */,
				1FF909D24BE0F30FD852240A /* ExerciseDetailView.swift in Sources */,
				06CF660A60C9B4CB7C2EE159 /* ExerciseLibraryStore.swift in Sources */,
				B967ABA03123A86065AEC52F /* HYROXCoachApp.swift in Sources */,
				F7E9296CE38ED971BF00AD54 /* JSONValue.swift in Sources */,
				42AD58BC53A0CFF87A1E3E68 /* KeychainStore.swift in Sources */,
				DFE7FED34E89B0266480D0EC /* NewBlockView.swift in Sources */,
				84B07ED7E3718C6A3883FB10 /* OnboardingView.swift in Sources */,
				07BECDEE98AA16784E706CD4 /* PhaseStyle.swift in Sources */,
				46B4C9324738EDE004453633 /* RootView.swift in Sources */,
				322463D05B758DB2FE972C93 /* SignInView.swift in Sources */,
				4B25EE10F3A11C1610E10A18 /* Station.swift in Sources */,
				1E77510A5271A1497F479F11 /* Theme.swift in Sources */,
				D8D19FD7FC82623DEA0D569A /* TimeInputField.swift in Sources */,
				4A666DC65309F2F7707331D1 /* Training.swift in Sources */,
				18386AEB85E3702331E2B05E /* TrainingViewModel.swift in Sources */,
				5D90212FCAD61D2BBE45A5C2 /* WeekDetailView.swift in Sources */,
				2471B19898A2DB85BDEFB800 /* WheelPickers.swift in Sources */,
				08BDE0C821B2ED57219904D1 /* WorkoutDetailView.swift in Sources */,
			);
			runOnlyForDeploymentPostprocessing = 0;
		};
/* End PBXSourcesBuildPhase section */

/* Begin XCBuildConfiguration section */
		88787680B7090B06E2DF082F /* Debug */ = {
			isa = XCBuildConfiguration;
			buildSettings = {
				INFOPLIST_FILE = HYROXCoach/Info.plist;
				MARKETING_VERSION = 0.1.0;
				PRODUCT_BUNDLE_IDENTIFIER = com.hyroxcoach.app;
				PRODUCT_NAME = HYROXCoach;
				TARGETED_DEVICE_FAMILY = 1;
			};
			name = Debug;
		};
		8D482062777FBD84972F319A /* Release */ = {
			isa = XCBuildConfiguration;
			buildSettings = {
				INFOPLIST_FILE = HYROXCoach/Info.plist;
				MARKETING_VERSION = 0.1.0;
				PRODUCT_BUNDLE_IDENTIFIER = com.hyroxcoach.app;
				PRODUCT_NAME = HYROXCoach;
				TARGETED_DEVICE_FAMILY = 1;
			};
			name = Release;
		};
		B8B7FFD5D103C713F0F05DEB /* Debug */ = {
			isa = XCBuildConfiguration;
			buildSettings = {
				GCC_PREPROCESSOR_DEFINITIONS = "DEBUG=1";
				IPHONEOS_DEPLOYMENT_TARGET = 17.0;
				SDKROOT = iphoneos;
				SWIFT_ACTIVE_COMPILATION_CONDITIONS = DEBUG;
				SWIFT_VERSION = 5.0;
			};
			name = Debug;
		};
		CBADA5A16A5592DA3D2596CB /* Release */ = {
			isa = XCBuildConfiguration;
			buildSettings = {
				IPHONEOS_DEPLOYMENT_TARGET = 17.0;
				SDKROOT = iphoneos;
				SWIFT_VERSION = 5.0;
			};
			name = Release;
		};
/* End XCBuildConfiguration section */

/* Begin XCConfigurationList section */
		2A2E7B027C74BFFC615208FC /* Build configuration list for PBXProject "HYROXCoach" */ = {
			isa = XCConfigurationList;
			buildConfigurations = (
				B8B7FFD5D103C713F0F05DEB /* Debug */,
				CBADA5A16A5592DA3D2596CB /* Release */,
			);
			defaultConfigurationIsVisible = 0;
			defaultConfigurationName = Debug;
		};
		F2961B04D41855EA3302DDEA /* Build configuration list for PBXNativeTarget "HYROXCoach" */ = {
			isa = XCConfigurationList;
			buildConfigurations = (
				88787680B7090B06E2DF082F /* Debug */,
				8D482062777FBD84972F319A /* Release */,
			);
			defaultConfigurationIsVisible = 0;
			defaultConfigurationName = Debug;
		};
/* End XCConfigurationList section */
	};
	rootObject = 3213E28373E88A395AEB346F /* Project object */;
}
